
Microsoft Visual Studio Solution File, Format Version 12.00
# Visual Studio Version 17
VisualStudioVersion = 17.14.37111.16
MinimumVisualStudioVersion = 10.0.40219.1
Project("{FAE04EC0-301F-11D3-BF4B-00C04F79EFBC}") = "KidStore.Domain", "KidStore.Domain\KidStore.Domain.csproj", "{F8B3AC6F-AA07-42BB-BB42-FB87EEF84293}"
EndProject
Project("{FAE04EC0-301F-11D3-BF4B-00C04F79EFBC}") = "KidStore.Application", "KidStore.Aplication\KidStore.Application.csproj", "{CF556D16-A392-4CAA-BC54-6362CFA2DEB0}"
EndProject
Project("{FAE04EC0-301F-11D3-BF4B-00C04F79EFBC}") = "KidStore.API", "KidStore.API\KidStore.API.csproj", "{FAFE5ADF-8EA9-4FBC-B700-5496499A720F}"
EndProject
Project("{FAE04EC0-301F-11D3-BF4B-00C04F79EFBC}") = "KidStore.Infrastructure", "KidStore.Infrastructure\KidStore.Infrastructure.csproj", "{94AC0A10-F5D2-417C-9DC5-7792CAA7563D}"
EndProject
Global
	GlobalSection(SolutionConfigurationPlatforms) = preSolution
		Debug|Any CPU = Debug|Any CPU
		Release|Any CPU = Release|Any CPU
	EndGlobalSection
	GlobalSection(ProjectConfigurationPlatforms) = postSolution
		{F8B3AC6F-AA07-42BB-BB42-FB87EEF84293}.Debug|Any CPU.ActiveCfg = Debug|Any CPU
		{F8B3AC6F-AA07-42BB-BB42-FB87EEF84293}.Debug|Any CPU.Build.0 = Debug|Any CPU
		{F8B3AC6F-AA07-42BB-BB42-FB87EEF84293}.Release|Any CPU.ActiveCfg = Release|Any CPU
		{F8B3AC6F-AA07-42BB-BB42-FB87EEF84293}.Release|Any CPU.Build.0 = Release|Any CPU
		{CF556D16-A392-4CAA-BC54-6362CFA2DEB0}.Debug|Any CPU.ActiveCfg = Debug|Any CPU
		{CF556D16-A392-4CAA-BC54-6362CFA2DEB0}.Debug|Any CPU.Build.0 = Debug|Any CPU
		{CF556D16-A392-4CAA-BC54-6362CFA2DEB0}.Release|Any CPU.ActiveCfg = Release|Any CPU
		{CF556D16-A392-4CAA-BC54-6362CFA2DEB0}.Release|Any CPU.Build.0 = Release|Any CPU
		{FAFE5ADF-8EA9-4FBC-B700-5496499A720F}.Debug|Any CPU.ActiveCfg = Debug|Any CPU
		{FAFE5ADF-8EA9-4FBC-B700-5496499A720F}.Debug|Any CPU.Build.0 = Debug|Any CPU
		{FAFE5ADF-8EA9-4FBC-B700-5496499A720F}.Release|Any CPU.ActiveCfg = Release|Any CPU
		{FAFE5ADF-8EA9-4FBC-B700-5496499A720F}.Release|Any CPU.Build.0 = Release|Any CPU
		{94AC0A10-F5D2-417C-9DC5-7792CAA7563D}.Debug|Any CPU.ActiveCfg = Debug|Any CPU
		{94AC0A10-F5D2-417C-9DC5-7792CAA7563D}.Debug|Any CPU.Build.0 = Debug|Any CPU
		{94AC0A10-F5D2-417C-9DC5-7792CAA7563D}.Release|Any CPU.ActiveCfg = Release|Any CPU
		{94AC0A10-F5D2-417C-9DC5-7792CAA7563D}.Release|Any CPU.Build.0 = Release|Any CPU
	EndGlobalSection
	GlobalSection(SolutionProperties) = preSolution
		HideSolutionNode = FALSE
	EndGlobalSection
	GlobalSection(ExtensibilityGlobals) = postSolution
		SolutionGuid = {8A2D2843-5631-443B-92DA-A30DBAB1E855}
	EndGlobalSection
EndGlobal
